
Microsoft Visual Studio Solution File, Format Version 12.00
# Visual Studio 15
VisualStudioVersion = 15.0.28010.2003
MinimumVisualStudioVersion = 10.0.40219.1
Project("{8BC9CEB8-8B4A-11D0-8D11-00A0C91BC942}") = "firstCPlusPlussProgram", "firstCPlusPlussProgram\firstCPlusPlussProgram.vcxproj", "{E23DA08A-978A-4D49-9AE4-1F750D5AEC6A}"
EndProject
Global
	GlobalSection(SolutionConfigurationPlatforms) = preSolution
		Debug|x64 = Debug|x64
		Debug|x86 = Debug|x86
		Release|x64 = Release|x64
		Release|x86 = Release|x86
	EndGlobalSection
	GlobalSection(ProjectConfigurationPlatforms) = postSolution
		{E23DA08A-978A-4D49-9AE4-1F750D5AEC6A}.Debug|x64.ActiveCfg = Debug|x64
		{E23DA08A-978A-4D49-9AE4-1F750D5AEC6A}.Debug|x64.Build.0 = Debug|x64
		{E23DA08A-978A-4D49-9AE4-1F750D5AEC6A}.Debug|x86.ActiveCfg = Debug|Win32
		{E23DA08A-978A-4D49-9AE4-1F750D5AEC6A}.Debug|x86.Build.0 = Debug|Win32
		{E23DA08A-978A-4D49-9AE4-1F750D5AEC6A}.Release|x64.ActiveCfg = Release|x64
		{E23DA08A-978A-4D49-9AE4-1F750D5AEC6A}.Release|x64.Build.0 = Release|x64
		{E23DA08A-978A-4D49-9AE4-1F750D5AEC6A}.Release|x86.ActiveCfg = Release|Win32
		{E23DA08A-978A-4D49-9AE4-1F750D5AEC6A}.Release|x86.Build.0 = Release|Win32
	EndGlobalSection
	GlobalSection(SolutionProperties) = preSolution
		HideSolutionNode = FALSE
	EndGlobalSection
	GlobalSection(ExtensibilityGlobals) = postSolution
		SolutionGuid = {1526997B-FE97-4842-8415-0FAA26863BD8}
	EndGlobalSection
EndGlobal
